
Microsoft Visual Studio Solution File, Format Version 12.00
# Visual Studio Version 17
VisualStudioVersion = 17.9.34723.18
MinimumVisualStudioVersion = 10.0.40219.1
Project("{9A19103F-16F7-4668-BE54-9A1E7A4F7556}") = "MyNewProject", "MyNewProject.csproj", "{173FEB69-BE0A-4DD1-BE72-55F05DB962AA}"
EndProject
Global
	GlobalSection(SolutionConfigurationPlatforms) = preSolution
		Debug|Any CPU = Debug|Any CPU
		Release|Any CPU = Release|Any CPU
	EndGlobalSection
	GlobalSection(ProjectConfigurationPlatforms) = postSolution
		{173FEB69-BE0A-4DD1-BE72-55F05DB962AA}.Debug|Any CPU.ActiveCfg = Debug|Any CPU
		{173FEB69-BE0A-4DD1-BE72-55F05DB962AA}.Debug|Any CPU.Build.0 = Debug|Any CPU
		{173FEB69-BE0A-4DD1-BE72-55F05DB962AA}.Release|Any CPU.ActiveCfg = Release|Any CPU
		{173FEB69-BE0A-4DD1-BE72-55F05DB962AA}.Release|Any CPU.Build.0 = Release|Any CPU
	EndGlobalSection
	GlobalSection(SolutionProperties) = preSolution
		HideSolutionNode = FALSE
	EndGlobalSection
	GlobalSection(ExtensibilityGlobals) = postSolution
		SolutionGuid = {16889D41-9AB2-4BF9-B555-DEC4D59FF732}
	EndGlobalSection
EndGlobal
